
Microsoft Visual Studio Solution File, Format Version 12.00
# Visual Studio Version 16
VisualStudioVersion = 16.0.29230.47
MinimumVisualStudioVersion = 10.0.40219.1
Project("{FAE04EC0-301F-11D3-BF4B-00C04F79EFBC}") = "NServiceDiscovery", "NServiceDiscovery\NServiceDiscovery.csproj", "{67221D9C-F233-4273-8629-50BEF871C752}"
EndProject
Project("{FAE04EC0-301F-11D3-BF4B-00C04F79EFBC}") = "NServiceDiscoveryAPI", "NServiceDiscoveryAPI\NServiceDiscoveryAPI.csproj", "{375D7C44-E69D-4989-AA81-1696C09FA346}"
EndProject
Global
	GlobalSection(SolutionConfigurationPlatforms) = preSolution
		Debug|Any CPU = Debug|Any CPU
		Release|Any CPU = Release|Any CPU
	EndGlobalSection
	GlobalSection(ProjectConfigurationPlatforms) = postSolution
		{67221D9C-F233-4273-8629-50BEF871C752}.Debug|Any CPU.ActiveCfg = Debug|Any CPU
		{67221D9C-F233-4273-8629-50BEF871C752}.Debug|Any CPU.Build.0 = Debug|Any CPU
		{67221D9C-F233-4273-8629-50BEF871C752}.Release|Any CPU.ActiveCfg = Release|Any CPU
		{67221D9C-F233-4273-8629-50BEF871C752}.Release|Any CPU.Build.0 = Release|Any CPU
		{375D7C44-E69D-4989-AA81-1696C09FA346}.Debug|Any CPU.ActiveCfg = Debug|Any CPU
		{375D7C44-E69D-4989-AA81-1696C09FA346}.Debug|Any CPU.Build.0 = Debug|Any CPU
		{375D7C44-E69D-4989-AA81-1696C09FA346}.Release|Any CPU.ActiveCfg = Release|Any CPU
		{375D7C44-E69D-4989-AA81-1696C09FA346}.Release|Any CPU.Build.0 = Release|Any CPU
	EndGlobalSection
	GlobalSection(SolutionProperties) = preSolution
		HideSolutionNode = FALSE
	EndGlobalSection
	GlobalSection(ExtensibilityGlobals) = postSolution
		SolutionGuid = {47BC6D56-BFE7-471A-B8EC-D6769BAD18E4}
	EndGlobalSection
EndGlobal
